
Microsoft Visual Studio Solution File, Format Version 12.00
# Visual Studio Version 17
VisualStudioVersion = 17.2.32602.215
MinimumVisualStudioVersion = 10.0.40219.1
Project("{9A19103F-16F7-4668-BE54-9A1E7A4F7556}") = "SDKs.DjiImage", "SDKs.DjiImage\SDKs.DjiImage.csproj", "{B6595076-801D-4277-969E-5971C723C30C}"
EndProject
Project("{9A19103F-16F7-4668-BE54-9A1E7A4F7556}") = "SDKs.DjiImage.Tests", "SDKs.DjiImage.Tests\SDKs.DjiImage.Tests.csproj", "{DAB64DB7-4AE0-42E6-9539-5E6F34FEF45F}"
EndProject
Global
	GlobalSection(SolutionConfigurationPlatforms) = preSolution
		Debug|Any CPU = Debug|Any CPU
		Release|Any CPU = Release|Any CPU
	EndGlobalSection
	GlobalSection(ProjectConfigurationPlatforms) = postSolution
		{B6595076-801D-4277-969E-5971C723C30C}.Debug|Any CPU.ActiveCfg = Debug|Any CPU
		{B6595076-801D-4277-969E-5971C723C30C}.Debug|Any CPU.Build.0 = Debug|Any CPU
		{B6595076-801D-4277-969E-5971C723C30C}.Release|Any CPU.ActiveCfg = Release|Any CPU
		{B6595076-801D-4277-969E-5971C723C30C}.Release|Any CPU.Build.0 = Release|Any CPU
		{DAB64DB7-4AE0-42E6-9539-5E6F34FEF45F}.Debug|Any CPU.ActiveCfg = Debug|Any CPU
		{DAB64DB7-4AE0-42E6-9539-5E6F34FEF45F}.Debug|Any CPU.Build.0 = Debug|Any CPU
		{DAB64DB7-4AE0-42E6-9539-5E6F34FEF45F}.Release|Any CPU.ActiveCfg = Release|Any CPU
		{DAB64DB7-4AE0-42E6-9539-5E6F34FEF45F}.Release|Any CPU.Build.0 = Release|Any CPU
	EndGlobalSection
	GlobalSection(SolutionProperties) = preSolution
		HideSolutionNode = FALSE
	EndGlobalSection
	GlobalSection(ExtensibilityGlobals) = postSolution
		SolutionGuid = {FC6E0FE0-C95D-4DF9-B3F3-A0A965511E83}
	EndGlobalSection
EndGlobal
